
Microsoft Visual Studio Solution File, Format Version 12.00
# Visual Studio 15
VisualStudioVersion = 15.0.28307.902
MinimumVisualStudioVersion = 10.0.40219.1
Project("{FAE04EC0-301F-11D3-BF4B-00C04F79EFBC}") = "EconoMiC", "EconoMiC\EconoMiC.csproj", "{3473D004-56AD-4B2D-AA28-4F285077FE8F}"
EndProject
Global
	GlobalSection(SolutionConfigurationPlatforms) = preSolution
		Debug|Any CPU = Debug|Any CPU
		Release|Any CPU = Release|Any CPU
	EndGlobalSection
	GlobalSection(ProjectConfigurationPlatforms) = postSolution
		{3473D004-56AD-4B2D-AA28-4F285077FE8F}.Debug|Any CPU.ActiveCfg = Debug|Any CPU
		{3473D004-56AD-4B2D-AA28-4F285077FE8F}.Debug|Any CPU.Build.0 = Debug|Any CPU
		{3473D004-56AD-4B2D-AA28-4F285077FE8F}.Release|Any CPU.ActiveCfg = Release|Any CPU
		{3473D004-56AD-4B2D-AA28-4F285077FE8F}.Release|Any CPU.Build.0 = Release|Any CPU
	EndGlobalSection
	GlobalSection(SolutionProperties) = preSolution
		HideSolutionNode = FALSE
	EndGlobalSection
	GlobalSection(ExtensibilityGlobals) = postSolution
		SolutionGuid = {B51D8914-BA0D-4081-98B7-C845E028D82D}
	EndGlobalSection
EndGlobal
